
Microsoft Visual Studio Solution File, Format Version 12.00
# Visual Studio 14
VisualStudioVersion = 14.0.23107.0
MinimumVisualStudioVersion = 10.0.40219.1
Project("{FAE04EC0-301F-11D3-BF4B-00C04F79EFBC}") = "SunApi", "SunApi\SunApi.csproj", "{0CF85222-57F2-4AC4-8D79-43091A62B1FA}"
EndProject
Project("{FAE04EC0-301F-11D3-BF4B-00C04F79EFBC}") = "SunLib", "SunLib\SunLib.csproj", "{86ABCAED-4B3A-4FF8-9115-668DB08C75EA}"
EndProject
Project("{FAE04EC0-301F-11D3-BF4B-00C04F79EFBC}") = "SunTests", "SunTests\SunTests.csproj", "{EB43DA8C-4D2E-40C8-AE75-D497629560D3}"
EndProject
Global
	GlobalSection(SolutionConfigurationPlatforms) = preSolution
		Debug|Any CPU = Debug|Any CPU
		Release|Any CPU = Release|Any CPU
	EndGlobalSection
	GlobalSection(ProjectConfigurationPlatforms) = postSolution
		{0CF85222-57F2-4AC4-8D79-43091A62B1FA}.Debug|Any CPU.ActiveCfg = Debug|Any CPU
		{0CF85222-57F2-4AC4-8D79-43091A62B1FA}.Debug|Any CPU.Build.0 = Debug|Any CPU
		{0CF85222-57F2-4AC4-8D79-43091A62B1FA}.Release|Any CPU.ActiveCfg = Release|Any CPU
		{0CF85222-57F2-4AC4-8D79-43091A62B1FA}.Release|Any CPU.Build.0 = Release|Any CPU
		{86ABCAED-4B3A-4FF8-9115-668DB08C75EA}.Debug|Any CPU.ActiveCfg = Debug|Any CPU
		{86ABCAED-4B3A-4FF8-9115-668DB08C75EA}.Debug|Any CPU.Build.0 = Debug|Any CPU
		{86ABCAED-4B3A-4FF8-9115-668DB08C75EA}.Release|Any CPU.ActiveCfg = Release|Any CPU
		{86ABCAED-4B3A-4FF8-9115-668DB08C75EA}.Release|Any CPU.Build.0 = Release|Any CPU
		{EB43DA8C-4D2E-40C8-AE75-D497629560D3}.Debug|Any CPU.ActiveCfg = Debug|Any CPU
		{EB43DA8C-4D2E-40C8-AE75-D497629560D3}.Debug|Any CPU.Build.0 = Debug|Any CPU
		{EB43DA8C-4D2E-40C8-AE75-D497629560D3}.Release|Any CPU.ActiveCfg = Release|Any CPU
		{EB43DA8C-4D2E-40C8-AE75-D497629560D3}.Release|Any CPU.Build.0 = Release|Any CPU
	EndGlobalSection
	GlobalSection(SolutionProperties) = preSolution
		HideSolutionNode = FALSE
	EndGlobalSection
EndGlobal
